
Microsoft Visual Studio Solution File, Format Version 12.00
# Visual Studio Version 17
VisualStudioVersion = 17.13.35913.81 d17.13
MinimumVisualStudioVersion = 10.0.40219.1
Project("{FAE04EC0-301F-11D3-BF4B-00C04F79EFBC}") = "uno_ColorAdd", "uno_ColorAdd\uno_ColorAdd.csproj", "{1718EBD1-5B9C-42FC-84C0-C6664D702BA9}"
EndProject
Global
	GlobalSection(SolutionConfigurationPlatforms) = preSolution
		Debug|Any CPU = Debug|Any CPU
		Release|Any CPU = Release|Any CPU
	EndGlobalSection
	GlobalSection(ProjectConfigurationPlatforms) = postSolution
		{1718EBD1-5B9C-42FC-84C0-C6664D702BA9}.Debug|Any CPU.ActiveCfg = Debug|Any CPU
		{1718EBD1-5B9C-42FC-84C0-C6664D702BA9}.Debug|Any CPU.Build.0 = Debug|Any CPU
		{1718EBD1-5B9C-42FC-84C0-C6664D702BA9}.Release|Any CPU.ActiveCfg = Release|Any CPU
		{1718EBD1-5B9C-42FC-84C0-C6664D702BA9}.Release|Any CPU.Build.0 = Release|Any CPU
	EndGlobalSection
	GlobalSection(SolutionProperties) = preSolution
		HideSolutionNode = FALSE
	EndGlobalSection
	GlobalSection(ExtensibilityGlobals) = postSolution
		SolutionGuid = {0CCB4DF0-84CD-4DB7-933F-4AA0E017F08E}
	EndGlobalSection
EndGlobal
