Microsoft Visual Studio Solution File, Format Version 12.00
# Visual Studio Version 17
VisualStudioVersion = 17.5.2.0
MinimumVisualStudioVersion = 10.0.40219.1
Project("{FAE04EC0-301F-11D3-BF4B-00C04F79EFBC}") = "NewConsole", "NewConsole\NewConsole.csproj", "{52840443-7053-CBCE-6DDC-8DDAC4E4AF46}"
EndProject
Project("{FAE04EC0-301F-11D3-BF4B-00C04F79EFBC}") = "ConsoleApp1", "ConsoleApp1\ConsoleApp1.csproj", "{1DDE2B31-3962-4A77-AA5F-379A4E64A3DC}"
EndProject
Project("{FAE04EC0-301F-11D3-BF4B-00C04F79EFBC}") = "MyFirstProgram", "MyFirstProgram\MyFirstProgram.csproj", "{70A00CA2-AED0-497E-80B6-544CA5C0C72F}"
EndProject
Project("{FAE04EC0-301F-11D3-BF4B-00C04F79EFBC}") = "ElseIfExample", "ElseIfExample\ElseIfExample.csproj", "{DC45EC9D-318D-4201-9F95-B54139511B4A}"
EndProject
Project("{FAE04EC0-301F-11D3-BF4B-00C04F79EFBC}") = "switchExample", "switchExample\switchExample.csproj", "{BB010DDA-F52F-4DD3-B1A0-9AC40E8C217A}"
EndProject
Project("{FAE04EC0-301F-11D3-BF4B-00C04F79EFBC}") = "forLoopExample", "forLoopExample\forLoopExample.csproj", "{5C7893F6-4880-4D88-8E5B-5E00004578B9}"
EndProject
Project("{FAE04EC0-301F-11D3-BF4B-00C04F79EFBC}") = "ClassWork2", "ClassWork2\ClassWork2.csproj", "{129E8AF6-428E-42F5-A6C9-EF27D4E531A8}"
EndProject
Project("{FAE04EC0-301F-11D3-BF4B-00C04F79EFBC}") = "arrayExamples", "arrayExamples\arrayExamples.csproj", "{C2C274E3-0EB7-475B-8624-04CDE4AC4C48}"
EndProject
Project("{FAE04EC0-301F-11D3-BF4B-00C04F79EFBC}") = "ClassWork3", "ClassWork3\ClassWork3.csproj", "{F5379394-1127-4EEB-9E5C-ACBD3EC907D2}"
EndProject
Project("{FAE04EC0-301F-11D3-BF4B-00C04F79EFBC}") = "ClassWork3.1", "ClassWork3.1\ClassWork3.1.csproj", "{A2019198-36B4-4D06-9BB4-DC0C57913CAA}"
EndProject
Project("{FAE04EC0-301F-11D3-BF4B-00C04F79EFBC}") = "4Practice", "4Practice\4Practice.csproj", "{083658F9-D80F-4414-80DB-F4150FE71E59}"
EndProject
Project("{FAE04EC0-301F-11D3-BF4B-00C04F79EFBC}") = "ClassWork5", "ClassWork5\ClassWork5.csproj", "{18C40590-09D6-4525-A6BD-C984772DCA8B}"
EndProject
Project("{FAE04EC0-301F-11D3-BF4B-00C04F79EFBC}") = "Classwork5.3", "Classwork5.3\Classwork5.3.csproj", "{7B15C5AE-6954-4805-9595-12F6A76B27F0}"
EndProject
Project("{FAE04EC0-301F-11D3-BF4B-00C04F79EFBC}") = "ClassWork5.4", "ClassWork5.4\ClassWork5.4.csproj", "{C19AACBA-648B-41D1-B757-0CFED2FD9C84}"
EndProject
Project("{FAE04EC0-301F-11D3-BF4B-00C04F79EFBC}") = "ClassWork5.1", "ClassWork5.1\ClassWork5.1.csproj", "{F747BD20-21BB-47B9-BB62-48937AC8C9D4}"
EndProject
Project("{FAE04EC0-301F-11D3-BF4B-00C04F79EFBC}") = "ClassWork5.6", "ClassWork5.6\ClassWork5.6.csproj", "{0B5BDC30-195C-4512-BD2F-2909B26FF18A}"
EndProject
Project("{FAE04EC0-301F-11D3-BF4B-00C04F79EFBC}") = "ClassWork5.5", "ClassWork5.5\ClassWork5.5.csproj", "{04855532-42B8-4099-96F1-0D03D28D2B83}"
EndProject
Global
	GlobalSection(SolutionConfigurationPlatforms) = preSolution
		Debug|Any CPU = Debug|Any CPU
		Release|Any CPU = Release|Any CPU
	EndGlobalSection
	GlobalSection(ProjectConfigurationPlatforms) = postSolution
		{52840443-7053-CBCE-6DDC-8DDAC4E4AF46}.Debug|Any CPU.ActiveCfg = Debug|Any CPU
		{52840443-7053-CBCE-6DDC-8DDAC4E4AF46}.Debug|Any CPU.Build.0 = Debug|Any CPU
		{52840443-7053-CBCE-6DDC-8DDAC4E4AF46}.Release|Any CPU.ActiveCfg = Release|Any CPU
		{52840443-7053-CBCE-6DDC-8DDAC4E4AF46}.Release|Any CPU.Build.0 = Release|Any CPU
		{1DDE2B31-3962-4A77-AA5F-379A4E64A3DC}.Debug|Any CPU.ActiveCfg = Debug|Any CPU
		{1DDE2B31-3962-4A77-AA5F-379A4E64A3DC}.Debug|Any CPU.Build.0 = Debug|Any CPU
		{1DDE2B31-3962-4A77-AA5F-379A4E64A3DC}.Release|Any CPU.ActiveCfg = Release|Any CPU
		{1DDE2B31-3962-4A77-AA5F-379A4E64A3DC}.Release|Any CPU.Build.0 = Release|Any CPU
		{70A00CA2-AED0-497E-80B6-544CA5C0C72F}.Debug|Any CPU.ActiveCfg = Debug|Any CPU
		{70A00CA2-AED0-497E-80B6-544CA5C0C72F}.Debug|Any CPU.Build.0 = Debug|Any CPU
		{70A00CA2-AED0-497E-80B6-544CA5C0C72F}.Release|Any CPU.ActiveCfg = Release|Any CPU
		{70A00CA2-AED0-497E-80B6-544CA5C0C72F}.Release|Any CPU.Build.0 = Release|Any CPU
		{DC45EC9D-318D-4201-9F95-B54139511B4A}.Debug|Any CPU.ActiveCfg = Debug|Any CPU
		{DC45EC9D-318D-4201-9F95-B54139511B4A}.Debug|Any CPU.Build.0 = Debug|Any CPU
		{DC45EC9D-318D-4201-9F95-B54139511B4A}.Release|Any CPU.ActiveCfg = Release|Any CPU
		{DC45EC9D-318D-4201-9F95-B54139511B4A}.Release|Any CPU.Build.0 = Release|Any CPU
		{BB010DDA-F52F-4DD3-B1A0-9AC40E8C217A}.Debug|Any CPU.ActiveCfg = Debug|Any CPU
		{BB010DDA-F52F-4DD3-B1A0-9AC40E8C217A}.Debug|Any CPU.Build.0 = Debug|Any CPU
		{BB010DDA-F52F-4DD3-B1A0-9AC40E8C217A}.Release|Any CPU.ActiveCfg = Release|Any CPU
		{BB010DDA-F52F-4DD3-B1A0-9AC40E8C217A}.Release|Any CPU.Build.0 = Release|Any CPU
		{5C7893F6-4880-4D88-8E5B-5E00004578B9}.Debug|Any CPU.ActiveCfg = Debug|Any CPU
		{5C7893F6-4880-4D88-8E5B-5E00004578B9}.Debug|Any CPU.Build.0 = Debug|Any CPU
		{5C7893F6-4880-4D88-8E5B-5E00004578B9}.Release|Any CPU.ActiveCfg = Release|Any CPU
		{5C7893F6-4880-4D88-8E5B-5E00004578B9}.Release|Any CPU.Build.0 = Release|Any CPU
		{129E8AF6-428E-42F5-A6C9-EF27D4E531A8}.Debug|Any CPU.ActiveCfg = Debug|Any CPU
		{129E8AF6-428E-42F5-A6C9-EF27D4E531A8}.Debug|Any CPU.Build.0 = Debug|Any CPU
		{129E8AF6-428E-42F5-A6C9-EF27D4E531A8}.Release|Any CPU.ActiveCfg = Release|Any CPU
		{129E8AF6-428E-42F5-A6C9-EF27D4E531A8}.Release|Any CPU.Build.0 = Release|Any CPU
		{C2C274E3-0EB7-475B-8624-04CDE4AC4C48}.Debug|Any CPU.ActiveCfg = Debug|Any CPU
		{C2C274E3-0EB7-475B-8624-04CDE4AC4C48}.Debug|Any CPU.Build.0 = Debug|Any CPU
		{C2C274E3-0EB7-475B-8624-04CDE4AC4C48}.Release|Any CPU.ActiveCfg = Release|Any CPU
		{C2C274E3-0EB7-475B-8624-04CDE4AC4C48}.Release|Any CPU.Build.0 = Release|Any CPU
		{F5379394-1127-4EEB-9E5C-ACBD3EC907D2}.Debug|Any CPU.ActiveCfg = Debug|Any CPU
		{F5379394-1127-4EEB-9E5C-ACBD3EC907D2}.Debug|Any CPU.Build.0 = Debug|Any CPU
		{F5379394-1127-4EEB-9E5C-ACBD3EC907D2}.Release|Any CPU.ActiveCfg = Release|Any CPU
		{F5379394-1127-4EEB-9E5C-ACBD3EC907D2}.Release|Any CPU.Build.0 = Release|Any CPU
		{A2019198-36B4-4D06-9BB4-DC0C57913CAA}.Debug|Any CPU.ActiveCfg = Debug|Any CPU
		{A2019198-36B4-4D06-9BB4-DC0C57913CAA}.Debug|Any CPU.Build.0 = Debug|Any CPU
		{A2019198-36B4-4D06-9BB4-DC0C57913CAA}.Release|Any CPU.ActiveCfg = Release|Any CPU
		{A2019198-36B4-4D06-9BB4-DC0C57913CAA}.Release|Any CPU.Build.0 = Release|Any CPU
		{083658F9-D80F-4414-80DB-F4150FE71E59}.Debug|Any CPU.ActiveCfg = Debug|Any CPU
		{083658F9-D80F-4414-80DB-F4150FE71E59}.Debug|Any CPU.Build.0 = Debug|Any CPU
		{083658F9-D80F-4414-80DB-F4150FE71E59}.Release|Any CPU.ActiveCfg = Release|Any CPU
		{083658F9-D80F-4414-80DB-F4150FE71E59}.Release|Any CPU.Build.0 = Release|Any CPU
		{18C40590-09D6-4525-A6BD-C984772DCA8B}.Debug|Any CPU.ActiveCfg = Debug|Any CPU
		{18C40590-09D6-4525-A6BD-C984772DCA8B}.Debug|Any CPU.Build.0 = Debug|Any CPU
		{18C40590-09D6-4525-A6BD-C984772DCA8B}.Release|Any CPU.ActiveCfg = Release|Any CPU
		{18C40590-09D6-4525-A6BD-C984772DCA8B}.Release|Any CPU.Build.0 = Release|Any CPU
		{7B15C5AE-6954-4805-9595-12F6A76B27F0}.Debug|Any CPU.ActiveCfg = Debug|Any CPU
		{7B15C5AE-6954-4805-9595-12F6A76B27F0}.Debug|Any CPU.Build.0 = Debug|Any CPU
		{7B15C5AE-6954-4805-9595-12F6A76B27F0}.Release|Any CPU.ActiveCfg = Release|Any CPU
		{7B15C5AE-6954-4805-9595-12F6A76B27F0}.Release|Any CPU.Build.0 = Release|Any CPU
		{C19AACBA-648B-41D1-B757-0CFED2FD9C84}.Debug|Any CPU.ActiveCfg = Debug|Any CPU
		{C19AACBA-648B-41D1-B757-0CFED2FD9C84}.Debug|Any CPU.Build.0 = Debug|Any CPU
		{C19AACBA-648B-41D1-B757-0CFED2FD9C84}.Release|Any CPU.ActiveCfg = Release|Any CPU
		{C19AACBA-648B-41D1-B757-0CFED2FD9C84}.Release|Any CPU.Build.0 = Release|Any CPU
		{F747BD20-21BB-47B9-BB62-48937AC8C9D4}.Debug|Any CPU.ActiveCfg = Debug|Any CPU
		{F747BD20-21BB-47B9-BB62-48937AC8C9D4}.Debug|Any CPU.Build.0 = Debug|Any CPU
		{F747BD20-21BB-47B9-BB62-48937AC8C9D4}.Release|Any CPU.ActiveCfg = Release|Any CPU
		{F747BD20-21BB-47B9-BB62-48937AC8C9D4}.Release|Any CPU.Build.0 = Release|Any CPU
		{0B5BDC30-195C-4512-BD2F-2909B26FF18A}.Debug|Any CPU.ActiveCfg = Debug|Any CPU
		{0B5BDC30-195C-4512-BD2F-2909B26FF18A}.Debug|Any CPU.Build.0 = Debug|Any CPU
		{0B5BDC30-195C-4512-BD2F-2909B26FF18A}.Release|Any CPU.ActiveCfg = Release|Any CPU
		{0B5BDC30-195C-4512-BD2F-2909B26FF18A}.Release|Any CPU.Build.0 = Release|Any CPU
		{04855532-42B8-4099-96F1-0D03D28D2B83}.Debug|Any CPU.ActiveCfg = Debug|Any CPU
		{04855532-42B8-4099-96F1-0D03D28D2B83}.Debug|Any CPU.Build.0 = Debug|Any CPU
		{04855532-42B8-4099-96F1-0D03D28D2B83}.Release|Any CPU.ActiveCfg = Release|Any CPU
		{04855532-42B8-4099-96F1-0D03D28D2B83}.Release|Any CPU.Build.0 = Release|Any CPU
	EndGlobalSection
	GlobalSection(SolutionProperties) = preSolution
		HideSolutionNode = FALSE
	EndGlobalSection
	GlobalSection(ExtensibilityGlobals) = postSolution
		SolutionGuid = {F38C2A2B-FE60-47D3-9DC1-1B551DCB6987}
	EndGlobalSection
EndGlobal
