
Microsoft Visual Studio Solution File, Format Version 12.00
# Visual Studio Version 17
VisualStudioVersion = 17.13.35913.81 d17.13
MinimumVisualStudioVersion = 10.0.40219.1
Project("{FAE04EC0-301F-11D3-BF4B-00C04F79EFBC}") = "Age_Finder", "Age_Finder\Age_Finder.csproj", "{D21CC9E6-E77A-4E06-9A5D-1C96C5A4C40C}"
EndProject
Global
	GlobalSection(SolutionConfigurationPlatforms) = preSolution
		Debug|Any CPU = Debug|Any CPU
		Release|Any CPU = Release|Any CPU
	EndGlobalSection
	GlobalSection(ProjectConfigurationPlatforms) = postSolution
		{D21CC9E6-E77A-4E06-9A5D-1C96C5A4C40C}.Debug|Any CPU.ActiveCfg = Debug|Any CPU
		{D21CC9E6-E77A-4E06-9A5D-1C96C5A4C40C}.Debug|Any CPU.Build.0 = Debug|Any CPU
		{D21CC9E6-E77A-4E06-9A5D-1C96C5A4C40C}.Release|Any CPU.ActiveCfg = Release|Any CPU
		{D21CC9E6-E77A-4E06-9A5D-1C96C5A4C40C}.Release|Any CPU.Build.0 = Release|Any CPU
	EndGlobalSection
	GlobalSection(SolutionProperties) = preSolution
		HideSolutionNode = FALSE
	EndGlobalSection
	GlobalSection(ExtensibilityGlobals) = postSolution
		SolutionGuid = {AA184270-9A06-4D82-B073-CE3D0297CA29}
	EndGlobalSection
EndGlobal
