
Microsoft Visual Studio Solution File, Format Version 12.00
# Visual Studio Version 17
VisualStudioVersion = 17.13.35931.197 d17.13
MinimumVisualStudioVersion = 10.0.40219.1
Project("{FAE04EC0-301F-11D3-BF4B-00C04F79EFBC}") = "binaryTree", "binaryTree\binaryTree.csproj", "{C27F6CDB-7479-4AA6-8430-6B251F6321E6}"
EndProject
Global
	GlobalSection(SolutionConfigurationPlatforms) = preSolution
		Debug|Any CPU = Debug|Any CPU
		Release|Any CPU = Release|Any CPU
	EndGlobalSection
	GlobalSection(ProjectConfigurationPlatforms) = postSolution
		{C27F6CDB-7479-4AA6-8430-6B251F6321E6}.Debug|Any CPU.ActiveCfg = Debug|Any CPU
		{C27F6CDB-7479-4AA6-8430-6B251F6321E6}.Debug|Any CPU.Build.0 = Debug|Any CPU
		{C27F6CDB-7479-4AA6-8430-6B251F6321E6}.Release|Any CPU.ActiveCfg = Release|Any CPU
		{C27F6CDB-7479-4AA6-8430-6B251F6321E6}.Release|Any CPU.Build.0 = Release|Any CPU
	EndGlobalSection
	GlobalSection(SolutionProperties) = preSolution
		HideSolutionNode = FALSE
	EndGlobalSection
	GlobalSection(ExtensibilityGlobals) = postSolution
		SolutionGuid = {4393495D-5805-48D2-857F-56AD6C9B559D}
	EndGlobalSection
EndGlobal
