
Microsoft Visual Studio Solution File, Format Version 12.00
# Visual Studio Version 17
VisualStudioVersion = 17.13.35931.197 d17.13
MinimumVisualStudioVersion = 10.0.40219.1
Project("{FAE04EC0-301F-11D3-BF4B-00C04F79EFBC}") = "Spring_Final_Q3", "Spring_Final_Q3\Spring_Final_Q3.csproj", "{F4A292A8-FF71-4C20-B117-716290C1C11D}"
EndProject
Global
	GlobalSection(SolutionConfigurationPlatforms) = preSolution
		Debug|Any CPU = Debug|Any CPU
		Release|Any CPU = Release|Any CPU
	EndGlobalSection
	GlobalSection(ProjectConfigurationPlatforms) = postSolution
		{F4A292A8-FF71-4C20-B117-716290C1C11D}.Debug|Any CPU.ActiveCfg = Debug|Any CPU
		{F4A292A8-FF71-4C20-B117-716290C1C11D}.Debug|Any CPU.Build.0 = Debug|Any CPU
		{F4A292A8-FF71-4C20-B117-716290C1C11D}.Release|Any CPU.ActiveCfg = Release|Any CPU
		{F4A292A8-FF71-4C20-B117-716290C1C11D}.Release|Any CPU.Build.0 = Release|Any CPU
	EndGlobalSection
	GlobalSection(SolutionProperties) = preSolution
		HideSolutionNode = FALSE
	EndGlobalSection
	GlobalSection(ExtensibilityGlobals) = postSolution
		SolutionGuid = {AE829A46-41D8-419C-AE6F-0681AAEDD19F}
	EndGlobalSection
EndGlobal
